
Microsoft Visual Studio Solution File, Format Version 10.00
# Visual Studio 2008
Project("{8BC9CEB8-8B4A-11D0-8D11-00A0C91BC942}") = "Pdf2Png", "Pdf2Png.vcproj", "{DF54F79B-08DB-4E4D-BBDF-E2B1846AA7DD}"
EndProject
Global
	GlobalSection(SolutionConfigurationPlatforms) = preSolution
		Debug|Win32 = Debug|Win32
		Release|Win32 = Release|Win32
	EndGlobalSection
	GlobalSection(ProjectConfigurationPlatforms) = postSolution
		{DF54F79B-08DB-4E4D-BBDF-E2B1846AA7DD}.Debug|Win32.ActiveCfg = Debug|Win32
		{DF54F79B-08DB-4E4D-BBDF-E2B1846AA7DD}.Debug|Win32.Build.0 = Debug|Win32
		{DF54F79B-08DB-4E4D-BBDF-E2B1846AA7DD}.Release|Win32.ActiveCfg = Release|Win32
		{DF54F79B-08DB-4E4D-BBDF-E2B1846AA7DD}.Release|Win32.Build.0 = Release|Win32
	EndGlobalSection
	GlobalSection(SolutionProperties) = preSolution
		HideSolutionNode = FALSE
	EndGlobalSection
EndGlobal
